{
  "requires": true,
  "lockfileVersion": 1,
  "dependencies": {
    "asset": {
      "version": "0.4.13",
      "resolved": "https://registry.npmjs.org/asset/-/asset-0.4.13.tgz",
      "integrity": "sha1-fdft5s6flsrPt3b98wvtWP+cpg0=",
      "requires": {
        "mkdirp": "0.3.x",
        "request": "1.9.5"
      }
    },
    "bootstrap": {
      "version": "4.5.2",
      "resolved": "https://registry.npmjs.org/bootstrap/-/bootstrap-4.5.2.tgz",
      "integrity": "sha512-vlGn0bcySYl/iV+BGA544JkkZP5LB3jsmkeKLFQakCOwCM3AOk7VkldBz4jrzSe+Z0Ezn99NVXa1o45cQY4R6A=="
    },
    "mkdirp": {
      "version": "0.3.5",
      "resolved": "https://registry.npmjs.org/mkdirp/-/mkdirp-0.3.5.tgz",
      "integrity": "sha1-3j5fiWHIjHh+4TaN+EmsRBPsqNc="
    },
    "request": {
      "version": "1.9.5",
      "resolved": "https://registry.npmjs.org/request/-/request-1.9.5.tgz",
      "integrity": "sha1-JAhPbDd/wvM2i1O+CSK+vl1Ar9Y="
    }
  }
}
